
Microsoft Visual Studio Solution File, Format Version 12.00
# Visual Studio 15
VisualStudioVersion = 15.0.26430.13
MinimumVisualStudioVersion = 10.0.40219.1
Project("{2150E333-8FDC-42A3-9474-1A3956D46DE8}") = "1-Presentation", "1-Presentation", "{61D0958A-3CBC-4207-A795-9CCD72DDFBE0}"
EndProject
Project("{2150E333-8FDC-42A3-9474-1A3956D46DE8}") = "2-Services", "2-Services", "{6BDD7B2B-354F-49C0-B1A7-D67EE906BA7A}"
EndProject
Project("{2150E333-8FDC-42A3-9474-1A3956D46DE8}") = "3-Application", "3-Application", "{F11D7C53-9A51-4F94-B9D3-439EE517C4B3}"
EndProject
Project("{2150E333-8FDC-42A3-9474-1A3956D46DE8}") = "4-Domain", "4-Domain", "{4C81850A-D3F3-4975-A4D0-ADD55904D232}"
EndProject
Project("{2150E333-8FDC-42A3-9474-1A3956D46DE8}") = "5-Infra", "5-Infra", "{4C348E42-D8A0-440E-A5A2-2DC8C289A79B}"
EndProject
Project("{2150E333-8FDC-42A3-9474-1A3956D46DE8}") = "5.1-Data", "5.1-Data", "{C101FCEA-35D8-43F9-B3DF-3078D25FEE12}"
EndProject
Project("{2150E333-8FDC-42A3-9474-1A3956D46DE8}") = "5.2-CrossCutting", "5.2-CrossCutting", "{875AC996-9E9A-4255-B618-64DFE8B49453}"
EndProject
Project("{9A19103F-16F7-4668-BE54-9A1E7A4F7556}") = "Events.IO.Domain", "src\Events.IO.Domain\Events.IO.Domain.csproj", "{B754B457-0C50-43AB-B3D7-DC614546DE49}"
EndProject
Project("{9A19103F-16F7-4668-BE54-9A1E7A4F7556}") = "Events.IO.Domain.Core", "src\Events.IO.Domain.Core\Events.IO.Domain.Core.csproj", "{B335632E-6EAD-4E50-AB08-5F047EA768F8}"
EndProject
Project("{9A19103F-16F7-4668-BE54-9A1E7A4F7556}") = "Events.IO.Infra.Data", "src\Events.IO.Infra.Data\Events.IO.Infra.Data.csproj", "{E85393FC-83D0-418E-A393-B62CF496E5D7}"
EndProject
Project("{9A19103F-16F7-4668-BE54-9A1E7A4F7556}") = "Events.IO.Site", "src\Events.IO.Site\Events.IO.Site.csproj", "{00E6DFE8-17DB-4BDA-BAB6-7C7EB2E1014C}"
EndProject
Project("{9A19103F-16F7-4668-BE54-9A1E7A4F7556}") = "Events.IO.Application", "src\Events.IO.Application\Events.IO.Application.csproj", "{CDDF35A1-2823-4D2D-8941-B3AD0FA01D4F}"
EndProject
Global
	GlobalSection(SolutionConfigurationPlatforms) = preSolution
		Debug|Any CPU = Debug|Any CPU
		Release|Any CPU = Release|Any CPU
	EndGlobalSection
	GlobalSection(ProjectConfigurationPlatforms) = postSolution
		{B754B457-0C50-43AB-B3D7-DC614546DE49}.Debug|Any CPU.ActiveCfg = Debug|Any CPU
		{B754B457-0C50-43AB-B3D7-DC614546DE49}.Debug|Any CPU.Build.0 = Debug|Any CPU
		{B754B457-0C50-43AB-B3D7-DC614546DE49}.Release|Any CPU.ActiveCfg = Release|Any CPU
		{B754B457-0C50-43AB-B3D7-DC614546DE49}.Release|Any CPU.Build.0 = Release|Any CPU
		{B335632E-6EAD-4E50-AB08-5F047EA768F8}.Debug|Any CPU.ActiveCfg = Debug|Any CPU
		{B335632E-6EAD-4E50-AB08-5F047EA768F8}.Debug|Any CPU.Build.0 = Debug|Any CPU
		{B335632E-6EAD-4E50-AB08-5F047EA768F8}.Release|Any CPU.ActiveCfg = Release|Any CPU
		{B335632E-6EAD-4E50-AB08-5F047EA768F8}.Release|Any CPU.Build.0 = Release|Any CPU
		{E85393FC-83D0-418E-A393-B62CF496E5D7}.Debug|Any CPU.ActiveCfg = Debug|Any CPU
		{E85393FC-83D0-418E-A393-B62CF496E5D7}.Debug|Any CPU.Build.0 = Debug|Any CPU
		{E85393FC-83D0-418E-A393-B62CF496E5D7}.Release|Any CPU.ActiveCfg = Release|Any CPU
		{E85393FC-83D0-418E-A393-B62CF496E5D7}.Release|Any CPU.Build.0 = Release|Any CPU
		{00E6DFE8-17DB-4BDA-BAB6-7C7EB2E1014C}.Debug|Any CPU.ActiveCfg = Debug|Any CPU
		{00E6DFE8-17DB-4BDA-BAB6-7C7EB2E1014C}.Debug|Any CPU.Build.0 = Debug|Any CPU
		{00E6DFE8-17DB-4BDA-BAB6-7C7EB2E1014C}.Release|Any CPU.ActiveCfg = Release|Any CPU
		{00E6DFE8-17DB-4BDA-BAB6-7C7EB2E1014C}.Release|Any CPU.Build.0 = Release|Any CPU
		{CDDF35A1-2823-4D2D-8941-B3AD0FA01D4F}.Debug|Any CPU.ActiveCfg = Debug|Any CPU
		{CDDF35A1-2823-4D2D-8941-B3AD0FA01D4F}.Debug|Any CPU.Build.0 = Debug|Any CPU
		{CDDF35A1-2823-4D2D-8941-B3AD0FA01D4F}.Release|Any CPU.ActiveCfg = Release|Any CPU
		{CDDF35A1-2823-4D2D-8941-B3AD0FA01D4F}.Release|Any CPU.Build.0 = Release|Any CPU
	EndGlobalSection
	GlobalSection(SolutionProperties) = preSolution
		HideSolutionNode = FALSE
	EndGlobalSection
	GlobalSection(NestedProjects) = preSolution
		{C101FCEA-35D8-43F9-B3DF-3078D25FEE12} = {4C348E42-D8A0-440E-A5A2-2DC8C289A79B}
		{875AC996-9E9A-4255-B618-64DFE8B49453} = {4C348E42-D8A0-440E-A5A2-2DC8C289A79B}
		{B754B457-0C50-43AB-B3D7-DC614546DE49} = {4C81850A-D3F3-4975-A4D0-ADD55904D232}
		{B335632E-6EAD-4E50-AB08-5F047EA768F8} = {4C81850A-D3F3-4975-A4D0-ADD55904D232}
		{E85393FC-83D0-418E-A393-B62CF496E5D7} = {C101FCEA-35D8-43F9-B3DF-3078D25FEE12}
		{00E6DFE8-17DB-4BDA-BAB6-7C7EB2E1014C} = {61D0958A-3CBC-4207-A795-9CCD72DDFBE0}
		{CDDF35A1-2823-4D2D-8941-B3AD0FA01D4F} = {F11D7C53-9A51-4F94-B9D3-439EE517C4B3}
	EndGlobalSection
EndGlobal
